# Prisma Migrate lockfile v1

20200925220157-initial-migration
20200925222846
20200926015719
20200926034224
20200926192511
20200927193306
20200927195715
20200927200120
20200927210227
20200928233503
20200929051815
20200929162350
20200930065027
20200930071210
20200930075954
20201001020410
20201001021306
20201001021331
20201002202645
20201003003852
20201003004056
20201003115419
20201003214403
20201024220300
20201024220413
20201025024608-fresh
20201027234928-due-date-to-assignment
20201031000754
20201031001040